
Microsoft Visual Studio Solution File, Format Version 12.00
# Visual Studio Version 17
VisualStudioVersion = 17.10.34916.146
MinimumVisualStudioVersion = 10.0.40219.1
Project("{FAE04EC0-301F-11D3-BF4B-00C04F79EFBC}") = "oopinheritance", "oopinheritance.csproj", "{729906EC-9277-4BFA-B5C6-001AA02684DB}"
EndProject
Global
	GlobalSection(SolutionConfigurationPlatforms) = preSolution
		Debug|Any CPU = Debug|Any CPU
		Release|Any CPU = Release|Any CPU
	EndGlobalSection
	GlobalSection(ProjectConfigurationPlatforms) = postSolution
		{729906EC-9277-4BFA-B5C6-001AA02684DB}.Debug|Any CPU.ActiveCfg = Debug|Any CPU
		{729906EC-9277-4BFA-B5C6-001AA02684DB}.Debug|Any CPU.Build.0 = Debug|Any CPU
		{729906EC-9277-4BFA-B5C6-001AA02684DB}.Release|Any CPU.ActiveCfg = Release|Any CPU
		{729906EC-9277-4BFA-B5C6-001AA02684DB}.Release|Any CPU.Build.0 = Release|Any CPU
	EndGlobalSection
	GlobalSection(SolutionProperties) = preSolution
		HideSolutionNode = FALSE
	EndGlobalSection
	GlobalSection(ExtensibilityGlobals) = postSolution
		SolutionGuid = {E18BA681-651D-4CDC-A659-CC08E242915B}
	EndGlobalSection
EndGlobal
